
Microsoft Visual Studio Solution File, Format Version 12.00
# Visual Studio Version 17
VisualStudioVersion = 17.3.32901.215
MinimumVisualStudioVersion = 10.0.40219.1
Project("{FAE04EC0-301F-11D3-BF4B-00C04F79EFBC}") = "InvestmentPortfolio", "InvestmentPortfolio\InvestmentPortfolio.csproj", "{1D797063-9167-4A79-A6FE-FABC91FBF3E8}"
EndProject
Global
	GlobalSection(SolutionConfigurationPlatforms) = preSolution
		Debug|Any CPU = Debug|Any CPU
		Release|Any CPU = Release|Any CPU
	EndGlobalSection
	GlobalSection(ProjectConfigurationPlatforms) = postSolution
		{1D797063-9167-4A79-A6FE-FABC91FBF3E8}.Debug|Any CPU.ActiveCfg = Debug|Any CPU
		{1D797063-9167-4A79-A6FE-FABC91FBF3E8}.Debug|Any CPU.Build.0 = Debug|Any CPU
		{1D797063-9167-4A79-A6FE-FABC91FBF3E8}.Release|Any CPU.ActiveCfg = Release|Any CPU
		{1D797063-9167-4A79-A6FE-FABC91FBF3E8}.Release|Any CPU.Build.0 = Release|Any CPU
	EndGlobalSection
	GlobalSection(SolutionProperties) = preSolution
		HideSolutionNode = FALSE
	EndGlobalSection
	GlobalSection(ExtensibilityGlobals) = postSolution
		SolutionGuid = {7D90C601-00B7-4562-B493-2AE9D5A49E07}
	EndGlobalSection
EndGlobal
